// !$*UTF8*$!
{
	archiveVersion = 1;
	classes = {
	};
	objectVersion = 50;
	objects = {

/* Begin PBXBuildFile section */
		8BB8231D25C326EA00B9F415 /* AppDelegate.swift in Sources */ = {isa = PBXBuildFile; fileRef = 8BB8231C25C326EA00B9F415 /* AppDelegate.swift */; };
		8BB8231F25C326EA00B9F415 /* SceneDelegate.swift in Sources */ = {isa = PBXBuildFile; fileRef = 8BB8231E25C326EA00B9F415 /* SceneDelegate.swift */; };
		8BB8232125C326EA00B9F415 /* ViewController.swift in Sources */ = {isa = PBXBuildFile; fileRef = 8BB8232025C326EA00B9F415 /* ViewController.swift */; };
		8BB8232425C326EA00B9F415 /* Main.storyboard in Resources */ = {isa = PBXBuildFile; fileRef = 8BB8232225C326EA00B9F415 /* Main.storyboard */; };
		8BB8232625C326EC00B9F415 /* Assets.xcassets in Resources */ = {isa = PBXBuildFile; fileRef = 8BB8232525C326EC00B9F415 /* Assets.xcassets */; };
		8BB8232925C326EC00B9F415 /* LaunchScreen.storyboard in Resources */ = {isa = PBXBuildFile; fileRef = 8BB8232725C326EC00B9F415 /* LaunchScreen.storyboard */; };
		8BB8233425C326ED00B9F415 /* PreworkTests.swift in Sources */ = {isa = PBXBuildFile; fileRef = 8BB8233325C326ED00B9F415 /* PreworkTests.swift */; };
		8BB8233F25C326ED00B9F415 /* PreworkUITests.swift in Sources */ = {isa = PBXBuildFile; fileRef = 8BB8233E25C326ED00B9F415 /* PreworkUITests.swift */; };
		8BB8235025C33C6700B9F415 /* SettingsViewController.swift in Sources */ = {isa = PBXBuildFile; fileRef = 8BB8234F25C33C6700B9F415 /* SettingsViewController.swift */; };
/* End PBXBuildFile section */

/* Begin PBXContainerItemProxy section */
		8BB8233025C326ED00B9F415 /* PBXContainerItemProxy */ = {
			isa = PBXContainerItemProxy;
			containerPortal = 8BB8231125C326EA00B9F415 /* Project object */;
			proxyType = 1;
			remoteGlobalIDString = 8BB8231825C326EA00B9F415;
			remoteInfo = Prework;
		};
		8BB8233B25C326ED00B9F415 /* PBXContainerItemProxy */ = {
			isa = PBXContainerItemProxy;
			containerPortal = 8BB8231125C326EA00B9F415 /* Project object */;
			proxyType = 1;
			remoteGlobalIDString = 8BB8231825C326EA00B9F415;
			remoteInfo = Prework;
		};
/* End PBXContainerItemProxy section */

/* Begin PBXFileReference section */
		8BB8231925C326EA00B9F415 /* Prework.app */ = {isa = PBXFileReference; explicitFileType = wrapper.application; includeInIndex = 0; path = Prework.app; sourceTree = BUILT_PRODUCTS_DIR; };
		8BB8231C25C326EA00B9F415 /* AppDelegate.swift */ = {isa = PBXFileReference; lastKnownFileType = sourcecode.swift; path = AppDelegate.swift; sourceTree = "<group>"; };
		8BB8231E25C326EA00B9F415 /* SceneDelegate.swift */ = {isa = PBXFileReference; lastKnownFileType = sourcecode.swift; path = SceneDelegate.swift; sourceTree = "<group>"; };
		8BB8232025C326EA00B9F415 /* ViewController.swift */ = {isa = PBXFileReference; lastKnownFileType = sourcecode.swift; path = ViewController.swift; sourceTree = "<group>"; };
		8BB8232325C326EA00B9F415 /* Base */ = {isa = PBXFileReference; lastKnownFileType = file.storyboard; name = Base; path = Base.lproj/Main.storyboard; sourceTree = "<group>"; };
		8BB8232525C326EC00B9F415 /* Assets.xcassets */ = {isa = PBXFileReference; lastKnownFileType = folder.assetcatalog; path = Assets.xcassets; sourceTree = "<group>"; };
		8BB8232825C326EC00B9F415 /* Base */ = {isa = PBXFileReference; lastKnownFileType = file.storyboard; name = Base; path = Base.lproj/LaunchScreen.storyboard; sourceTree = "<group>"; };
		8BB8232A25C326EC00B9F415 /* Info.plist */ = {isa = PBXFileReference; lastKnownFileType = text.plist.xml; path = Info.plist; sourceTree = "<group>"; };
		8BB8232F25C326ED00B9F415 /* PreworkTests.xctest */ = {isa = PBXFileReference; explicitFileType = wrapper.cfbundle; includeInIndex = 0; path = PreworkTests.xctest; sourceTree = BUILT_PRODUCTS_DIR; };
		8BB8233325C326ED00B9F415 /* PreworkTests.swift */ = {isa = PBXFileReference; lastKnownFileType = sourcecode.swift; path = PreworkTests.swift; sourceTree = "<group>"; };
		8BB8233525C326ED00B9F415 /* Info.plist */ = {isa = PBXFileReference; lastKnownFileType = text.plist.xml; path = Info.plist; sourceTree = "<group>"; };
		8BB8233A25C326ED00B9F415 /* PreworkUITests.xctest */ = {isa = PBXFileReference; explicitFileType = wrapper.cfbundle; includeInIndex = 0; path = PreworkUITests.xctest; sourceTree = BUILT_PRODUCTS_DIR; };
		8BB8233E25C326ED00B9F415 /* PreworkUITests.swift */ = {isa = PBXFileReference; lastKnownFileType = sourcecode.swift; path = PreworkUITests.swift; sourceTree = "<group>"; };
		8BB8234025C326ED00B9F415 /* Info.plist */ = {isa = PBXFileReference; lastKnownFileType = text.plist.xml; path = Info.plist; sourceTree = "<group>"; };
		8BB8234F25C33C6700B9F415 /* SettingsViewController.swift */ = {isa = PBXFileReference; lastKnownFileType = sourcecode.swift; path = SettingsViewController.swift; sourceTree = "<group>"; };
/* End PBXFileReference section */

/* Begin PBXFrameworksBuildPhase section */
		8BB8231625C326EA00B9F415 /* Frameworks */ = {
			isa = PBXFrameworksBuildPhase;
			buildActionMask = 2147483647;
			files = (
			);
			runOnlyForDeploymentPostprocessing = 0;
		};
		8BB8232C25C326ED00B9F415 /* Frameworks */ = {
			isa = PBXFrameworksBuildPhase;
			buildActionMask = 2147483647;
			files = (
			);
			runOnlyForDeploymentPostprocessing = 0;
		};
		8BB8233725C326ED00B9F415 /* Frameworks */ = {
			isa = PBXFrameworksBuildPhase;
			buildActionMask = 2147483647;
			files = (
			);
			runOnlyForDeploymentPostprocessing = 0;
		};
/* End PBXFrameworksBuildPhase section */

/* Begin PBXGroup section */
		8BB8231025C326EA00B9F415 = {
			isa = PBXGroup;
			children = (
				8BB8231B25C326EA00B9F415 /* Prework */,
				8BB8233225C326ED00B9F415 /* PreworkTests */,
				8BB8233D25C326ED00B9F415 /* PreworkUITests */,
				8BB8231A25C326EA00B9F415 /* Products */,
			);
			sourceTree = "<group>";
		};
		8BB8231A25C326EA00B9F415 /* Products */ = {
			isa = PBXGroup;
			children = (
				8BB8231925C326EA00B9F415 /* Prework.app */,
				8BB8232F25C326ED00B9F415 /* PreworkTests.xctest */,
				8BB8233A25C326ED00B9F415 /* PreworkUITests.xctest */,
			);
			name = Products;
			sourceTree = "<group>";
		};
		8BB8231B25C326EA00B9F415 /* Prework */ = {
			isa = PBXGroup;
			children = (
				8BB8231C25C326EA00B9F415 /* AppDelegate.swift */,
				8BB8231E25C326EA00B9F415 /* SceneDelegate.swift */,
				8BB8232025C326EA00B9F415 /* ViewController.swift */,
				8BB8232225C326EA00B9F415 /* Main.storyboard */,
				8BB8234F25C33C6700B9F415 /* SettingsViewController.swift */,
				8BB8232525C326EC00B9F415 /* Assets.xcassets */,
				8BB8232725C326EC00B9F415 /* LaunchScreen.storyboard */,
				8BB8232A25C326EC00B9F415 /* Info.plist */,
			);
			path = Prework;
			sourceTree = "<group>";
		};
		8BB8233225C326ED00B9F415 /* PreworkTests */ = {
			isa = PBXGroup;
			children = (
				8BB8233325C326ED00B9F415 /* PreworkTests.swift */,
				8BB8233525C326ED00B9F415 /* Info.plist */,
			);
			path = PreworkTests;
			sourceTree = "<group>";
		};
		8BB8233D25C326ED00B9F415 /* PreworkUITests */ = {
			isa = PBXGroup;
			children = (
				8BB8233E25C326ED00B9F415 /* PreworkUITests.swift */,
				8BB8234025C326ED00B9F415 /* Info.plist */,
			);
			path = PreworkUITests;
			sourceTree = "<group>";
		};
/* End PBXGroup section */

/* Begin PBXNativeTarget section */
		8BB8231825C326EA00B9F415 /* Prework */ = {
			isa = PBXNativeTarget;
			buildConfigurationList = 8BB8234325C326ED00B9F415 /* Build configuration list for PBXNativeTarget "Prework" */;
			buildPhases = (
				8BB8231525C326EA00B9F415 /* Sources */,
				8BB8231625C326EA00B9F415 /* Frameworks */,
				8BB8231725C326EA00B9F415 /* Resources */,
			);
			buildRules = (
			);
			dependencies = (
			);
			name = Prework;
			productName = Prework;
			productReference = 8BB8231925C326EA00B9F415 /* Prework.app */;
			productType = "com.apple.product-type.application";
		};
		8BB8232E25C326ED00B9F415 /* PreworkTests */ = {
			isa = PBXNativeTarget;
			buildConfigurationList = 8BB8234625C326ED00B9F415 /* Build configuration list for PBXNativeTarget "PreworkTests" */;
			buildPhases = (
				8BB8232B25C326ED00B9F415 /* Sources */,
				8BB8232C25C326ED00B9F415 /* Frameworks */,
				8BB8232D25C326ED00B9F415 /* Resources */,
			);
			buildRules = (
			);
			dependencies = (
				8BB8233125C326ED00B9F415 /* PBXTargetDependency */,
			);
			name = PreworkTests;
			productName = PreworkTests;
			productReference = 8BB8232F25C326ED00B9F415 /* PreworkTests.xctest */;
			productType = "com.apple.product-type.bundle.unit-test";
		};
		8BB8233925C326ED00B9F415 /* PreworkUITests */ = {
			isa = PBXNativeTarget;
			buildConfigurationList = 8BB8234925C326ED00B9F415 /* Build configuration list for PBXNativeTarget "PreworkUITests" */;
			buildPhases = (
				8BB8233625C326ED00B9F415 /* Sources */,
				8BB8233725C326ED00B9F415 /* Frameworks */,
				8BB8233825C326ED00B9F415 /* Resources */,
			);
			buildRules = (
			);
			dependencies = (
				8BB8233C25C326ED00B9F415 /* PBXTargetDependency */,
			);
			name = PreworkUITests;
			productName = PreworkUITests;
			productReference = 8BB8233A25C326ED00B9F415 /* PreworkUITests.xctest */;
			productType = "com.apple.product-type.bundle.ui-testing";
		};
/* End PBXNativeTarget section */

/* Begin PBXProject section */
		8BB8231125C326EA00B9F415 /* Project object */ = {
			isa = PBXProject;
			attributes = {
				LastSwiftUpdateCheck = 1220;
				LastUpgradeCheck = 1220;
				TargetAttributes = {
					8BB8231825C326EA00B9F415 = {
						CreatedOnToolsVersion = 12.2;
					};
					8BB8232E25C326ED00B9F415 = {
						CreatedOnToolsVersion = 12.2;
						TestTargetID = 8BB8231825C326EA00B9F415;
					};
					8BB8233925C326ED00B9F415 = {
						CreatedOnToolsVersion = 12.2;
						TestTargetID = 8BB8231825C326EA00B9F415;
					};
				};
			};
			buildConfigurationList = 8BB8231425C326EA00B9F415 /* Build configuration list for PBXProject "Prework" */;
			compatibilityVersion = "Xcode 9.3";
			developmentRegion = en;
			hasScannedForEncodings = 0;
			knownRegions = (
				en,
				Base,
			);
			mainGroup = 8BB8231025C326EA00B9F415;
			productRefGroup = 8BB8231A25C326EA00B9F415 /* Products */;
			projectDirPath = "";
			projectRoot = "";
			targets = (
				8BB8231825C326EA00B9F415 /* Prework */,
				8BB8232E25C326ED00B9F415 /* PreworkTests */,
				8BB8233925C326ED00B9F415 /* PreworkUITests */,
			);
		};
/* End PBXProject section */

/* Begin PBXResourcesBuildPhase section */
		8BB8231725C326EA00B9F415 /* Resources */ = {
			isa = PBXResourcesBuildPhase;
			buildActionMask = 2147483647;
			files = (
				8BB8232925C326EC00B9F415 /* LaunchScreen.storyboard in Resources */,
				8BB8232625C326EC00B9F415 /* Assets.xcassets in Resources */,
				8BB8232425C326EA00B9F415 /* Main.storyboard in Resources */,
			);
			runOnlyForDeploymentPostprocessing = 0;
		};
		8BB8232D25C326ED00B9F415 /* Resources */ = {
			isa = PBXResourcesBuildPhase;
			buildActionMask = 2147483647;
			files = (
			);
			runOnlyForDeploymentPostprocessing = 0;
		};
		8BB8233825C326ED00B9F415 /* Resources */ = {
			isa = PBXResourcesBuildPhase;
			buildActionMask = 2147483647;
			files = (
			);
			runOnlyForDeploymentPostprocessing = 0;
		};
/* End PBXResourcesBuildPhase section */

/* Begin PBXSourcesBuildPhase section */
		8BB8231525C326EA00B9F415 /* Sources */ = {
			isa = PBXSourcesBuildPhase;
			buildActionMask = 2147483647;
			files = (
				8BB8232125C326EA00B9F415 /* ViewController.swift in Sources */,
				8BB8231D25C326EA00B9F415 /* AppDelegate.swift in Sources */,
				8BB8231F25C326EA00B9F415 /* SceneDelegate.swift in Sources */,
				8BB8235025C33C6700B9F415 /* SettingsViewController.swift in Sources */,
			);
			runOnlyForDeploymentPostprocessing = 0;
		};
		8BB8232B25C326ED00B9F415 /* Sources */ = {
			isa = PBXSourcesBuildPhase;
			buildActionMask = 2147483647;
			files = (
				8BB8233425C326ED00B9F415 /* PreworkTests.swift in Sources */,
			);
			runOnlyForDeploymentPostprocessing = 0;
		};
		8BB8233625C326ED00B9F415 /* Sources */ = {
			isa = PBXSourcesBuildPhase;
			buildActionMask = 2147483647;
			files = (
				8BB8233F25C326ED00B9F415 /* PreworkUITests.swift in Sources */,
			);
			runOnlyForDeploymentPostprocessing = 0;
		};
/* End PBXSourcesBuildPhase section */

/* Begin PBXTargetDependency section */
		8BB8233125C326ED00B9F415 /* PBXTargetDependency */ = {
			isa = PBXTargetDependency;
			target = 8BB8231825C326EA00B9F415 /* Prework */;
			targetProxy = 8BB8233025C326ED00B9F415 /* PBXContainerItemProxy */;
		};
		8BB8233C25C326ED00B9F415 /* PBXTargetDependency */ = {
			isa = PBXTargetDependency;
			target = 8BB8231825C326EA00B9F415 /* Prework */;
			targetProxy = 8BB8233B25C326ED00B9F415 /* PBXContainerItemProxy */;
		};
/* End PBXTargetDependency section */

/* Begin PBXVariantGroup section */
		8BB8232225C326EA00B9F415 /* Main.storyboard */ = {
			isa = PBXVariantGroup;
			children = (
				8BB8232325C326EA00B9F415 /* Base */,
			);
			name = Main.storyboard;
			sourceTree = "<group>";
		};
		8BB8232725C326EC00B9F415 /* LaunchScreen.storyboard */ = {
			isa = PBXVariantGroup;
			children = (
				8BB8232825C326EC00B9F415 /* Base */,
			);
			name = LaunchScreen.storyboard;
			sourceTree = "<group>";
		};
/* End PBXVariantGroup section */

/* Begin XCBuildConfiguration section */
		8BB8234125C326ED00B9F415 /* Debug */ = {
			isa = XCBuildConfiguration;
			buildSettings = {
				ALWAYS_SEARCH_USER_PATHS = NO;
				CLANG_ANALYZER_NONNULL = YES;
				CLANG_ANALYZER_NUMBER_OBJECT_CONVERSION = YES_AGGRESSIVE;
				CLANG_CXX_LANGUAGE_STANDARD = "gnu++14";
				CLANG_CXX_LIBRARY = "libc++";
				CLANG_ENABLE_MODULES = YES;
				CLANG_ENABLE_OBJC_ARC = YES;
				CLANG_ENABLE_OBJC_WEAK = YES;
				CLANG_WARN_BLOCK_CAPTURE_AUTORELEASING = YES;
				CLANG_WARN_BOOL_CONVERSION = YES;
				CLANG_WARN_COMMA = YES;
				CLANG_WARN_CONSTANT_CONVERSION = YES;
				CLANG_WARN_DEPRECATED_OBJC_IMPLEMENTATIONS = YES;
				CLANG_WARN_DIRECT_OBJC_ISA_USAGE = YES_ERROR;
				CLANG_WARN_DOCUMENTATION_COMMENTS = YES;
				CLANG_WARN_EMPTY_BODY = YES;
				CLANG_WARN_ENUM_CONVERSION = YES;
				CLANG_WARN_INFINITE_RECURSION = YES;
				CLANG_WARN_INT_CONVERSION = YES;
				CLANG_WARN_NON_LITERAL_NULL_CONVERSION = YES;
				CLANG_WARN_OBJC_IMPLICIT_RETAIN_SELF = YES;
				CLANG_WARN_OBJC_LITERAL_CONVERSION = YES;
				CLANG_WARN_OBJC_ROOT_CLASS = YES_ERROR;
				CLANG_WARN_QUOTED_INCLUDE_IN_FRAMEWORK_HEADER = YES;
				CLANG_WARN_RANGE_LOOP_ANALYSIS = YES;
				CLANG_WARN_STRICT_PROTOTYPES = YES;
				CLANG_WARN_SUSPICIOUS_MOVE = YES;
				CLANG_WARN_UNGUARDED_AVAILABILITY = YES_AGGRESSIVE;
				CLANG_WARN_UNREACHABLE_CODE = YES;
				CLANG_WARN__DUPLICATE_METHOD_MATCH = YES;
				COPY_PHASE_STRIP = NO;
				DEBUG_INFORMATION_FORMAT = dwarf;
				ENABLE_STRICT_OBJC_MSGSEND = YES;
				ENABLE_TESTABILITY = YES;
				GCC_C_LANGUAGE_STANDARD = gnu11;
				GCC_DYNAMIC_NO_PIC = NO;
				GCC_NO_COMMON_BLOCKS = YES;
				GCC_OPTIMIZATION_LEVEL = 0;
				GCC_PREPROCESSOR_DEFINITIONS = (
					"DEBUG=1",
					"$(inherited)",
				);
				GCC_WARN_64_TO_32_BIT_CONVERSION = YES;
				GCC_WARN_ABOUT_RETURN_TYPE = YES_ERROR;
				GCC_WARN_UNDECLARED_SELECTOR = YES;
				GCC_WARN_UNINITIALIZED_AUTOS = YES_AGGRESSIVE;
				GCC_WARN_UNUSED_FUNCTION = YES;
				GCC_WARN_UNUSED_VARIABLE = YES;
				IPHONEOS_DEPLOYMENT_TARGET = 14.2;
				MTL_ENABLE_DEBUG_INFO = INCLUDE_SOURCE;
				MTL_FAST_MATH = YES;
				ONLY_ACTIVE_ARCH = YES;
				SDKROOT = iphoneos;
				SWIFT_ACTIVE_COMPILATION_CONDITIONS = DEBUG;
				SWIFT_OPTIMIZATION_LEVEL = "-Onone";
			};
			name = Debug;
		};
		8BB8234225C326ED00B9F415 /* Release */ = {
			isa = XCBuildConfiguration;
			buildSettings = {
				ALWAYS_SEARCH_USER_PATHS = NO;
				CLANG_ANALYZER_NONNULL = YES;
				CLANG_ANALYZER_NUMBER_OBJECT_CONVERSION = YES_AGGRESSIVE;
				CLANG_CXX_LANGUAGE_STANDARD = "gnu++14";
				CLANG_CXX_LIBRARY = "libc++";
				CLANG_ENABLE_MODULES = YES;
				CLANG_ENABLE_OBJC_ARC = YES;
				CLANG_ENABLE_OBJC_WEAK = YES;
				CLANG_WARN_BLOCK_CAPTURE_AUTORELEASING = YES;
				CLANG_WARN_BOOL_CONVERSION = YES;
				CLANG_WARN_COMMA = YES;
				CLANG_WARN_CONSTANT_CONVERSION = YES;
				CLANG_WARN_DEPRECATED_OBJC_IMPLEMENTATIONS = YES;
				CLANG_WARN_DIRECT_OBJC_ISA_USAGE = YES_ERROR;
				CLANG_WARN_DOCUMENTATION_COMMENTS = YES;
				CLANG_WARN_EMPTY_BODY = YES;
				CLANG_WARN_ENUM_CONVERSION = YES;
				CLANG_WARN_INFINITE_RECURSION = YES;
				CLANG_WARN_INT_CONVERSION = YES;
				CLANG_WARN_NON_LITERAL_NULL_CONVERSION = YES;
				CLANG_WARN_OBJC_IMPLICIT_RETAIN_SELF = YES;
				CLANG_WARN_OBJC_LITERAL_CONVERSION = YES;
				CLANG_WARN_OBJC_ROOT_CLASS = YES_ERROR;
				CLANG_WARN_QUOTED_INCLUDE_IN_FRAMEWORK_HEADER = YES;
				CLANG_WARN_RANGE_LOOP_ANALYSIS = YES;
				CLANG_WARN_STRICT_PROTOTYPES = YES;
				CLANG_WARN_SUSPICIOUS_MOVE = YES;
				CLANG_WARN_UNGUARDED_AVAILABILITY = YES_AGGRESSIVE;
				CLANG_WARN_UNREACHABLE_CODE = YES;
				CLANG_WARN__DUPLICATE_METHOD_MATCH = YES;
				COPY_PHASE_STRIP = NO;
				DEBUG_INFORMATION_FORMAT = "dwarf-with-dsym";
				ENABLE_NS_ASSERTIONS = NO;
				ENABLE_STRICT_OBJC_MSGSEND = YES;
				GCC_C_LANGUAGE_STANDARD = gnu11;
				GCC_NO_COMMON_BLOCKS = YES;
				GCC_WARN_64_TO_32_BIT_CONVERSION = YES;
				GCC_WARN_ABOUT_RETURN_TYPE = YES_ERROR;
				GCC_WARN_UNDECLARED_SELECTOR = YES;
				GCC_WARN_UNINITIALIZED_AUTOS = YES_AGGRESSIVE;
				GCC_WARN_UNUSED_FUNCTION = YES;
				GCC_WARN_UNUSED_VARIABLE = YES;
				IPHONEOS_DEPLOYMENT_TARGET = 14.2;
				MTL_ENABLE_DEBUG_INFO = NO;
				MTL_FAST_MATH = YES;
				SDKROOT = iphoneos;
				SWIFT_COMPILATION_MODE = wholemodule;
				SWIFT_OPTIMIZATION_LEVEL = "-O";
				VALIDATE_PRODUCT = YES;
			};
			name = Release;
		};
		8BB8234425C326ED00B9F415 /* Debug */ = {
			isa = XCBuildConfiguration;
			buildSettings = {
				ASSETCATALOG_COMPILER_APPICON_NAME = AppIcon;
				ASSETCATALOG_COMPILER_GLOBAL_ACCENT_COLOR_NAME = AccentColor;
				CODE_SIGN_STYLE = Automatic;
				DEVELOPMENT_TEAM = 92CYMJ7RBT;
				INFOPLIST_FILE = Prework/Info.plist;
				LD_RUNPATH_SEARCH_PATHS = (
					"$(inherited)",
					"@executable_path/Frameworks",
				);
				PRODUCT_BUNDLE_IDENTIFIER = "CodePath-Spring-2020.Prework";
				PRODUCT_NAME = "$(TARGET_NAME)";
				SWIFT_VERSION = 5.0;
				TARGETED_DEVICE_FAMILY = 1;
			};
			name = Debug;
		};
		8BB8234525C326ED00B9F415 /* Release */ = {
			isa = XCBuildConfiguration;
			buildSettings = {
				ASSETCATALOG_COMPILER_APPICON_NAME = AppIcon;
				ASSETCATALOG_COMPILER_GLOBAL_ACCENT_COLOR_NAME = AccentColor;
				CODE_SIGN_STYLE = Automatic;
				DEVELOPMENT_TEAM = 92CYMJ7RBT;
				INFOPLIST_FILE = Prework/Info.plist;
				LD_RUNPATH_SEARCH_PATHS = (
					"$(inherited)",
					"@executable_path/Frameworks",
				);
				PRODUCT_BUNDLE_IDENTIFIER = "CodePath-Spring-2020.Prework";
				PRODUCT_NAME = "$(TARGET_NAME)";
				SWIFT_VERSION = 5.0;
				TARGETED_DEVICE_FAMILY = 1;
			};
			name = Release;
		};
		8BB8234725C326ED00B9F415 /* Debug */ = {
			isa = XCBuildConfiguration;
			buildSettings = {
				ALWAYS_EMBED_SWIFT_STANDARD_LIBRARIES = YES;
				BUNDLE_LOADER = "$(TEST_HOST)";
				CODE_SIGN_STYLE = Automatic;
				DEVELOPMENT_TEAM = 92CYMJ7RBT;
				INFOPLIST_FILE = PreworkTests/Info.plist;
				IPHONEOS_DEPLOYMENT_TARGET = 14.2;
				LD_RUNPATH_SEARCH_PATHS = (
					"$(inherited)",
					"@executable_path/Frameworks",
					"@loader_path/Frameworks",
				);
				PRODUCT_BUNDLE_IDENTIFIER = "CodePath-Spring-2020.PreworkTests";
				PRODUCT_NAME = "$(TARGET_NAME)";
				SWIFT_VERSION = 5.0;
				TARGETED_DEVICE_FAMILY = "1,2";
				TEST_HOST = "$(BUILT_PRODUCTS_DIR)/Prework.app/Prework";
			};
			name = Debug;
		};
		8BB8234825C326ED00B9F415 /* Release */ = {
			isa = XCBuildConfiguration;
			buildSettings = {
				ALWAYS_EMBED_SWIFT_STANDARD_LIBRARIES = YES;
				BUNDLE_LOADER = "$(TEST_HOST)";
				CODE_SIGN_STYLE = Automatic;
				DEVELOPMENT_TEAM = 92CYMJ7RBT;
				INFOPLIST_FILE = PreworkTests/Info.plist;
				IPHONEOS_DEPLOYMENT_TARGET = 14.2;
				LD_RUNPATH_SEARCH_PATHS = (
					"$(inherited)",
					"@executable_path/Frameworks",
					"@loader_path/Frameworks",
				);
				PRODUCT_BUNDLE_IDENTIFIER = "CodePath-Spring-2020.PreworkTests";
				PRODUCT_NAME = "$(TARGET_NAME)";
				SWIFT_VERSION = 5.0;
				TARGETED_DEVICE_FAMILY = "1,2";
				TEST_HOST = "$(BUILT_PRODUCTS_DIR)/Prework.app/Prework";
			};
			name = Release;
		};
		8BB8234A25C326ED00B9F415 /* Debug */ = {
			isa = XCBuildConfiguration;
			buildSettings = {
				ALWAYS_EMBED_SWIFT_STANDARD_LIBRARIES = YES;
				CODE_SIGN_STYLE = Automatic;
				DEVELOPMENT_TEAM = 92CYMJ7RBT;
				INFOPLIST_FILE = PreworkUITests/Info.plist;
				LD_RUNPATH_SEARCH_PATHS = (
					"$(inherited)",
					"@executable_path/Frameworks",
					"@loader_path/Frameworks",
				);
				PRODUCT_BUNDLE_IDENTIFIER = "CodePath-Spring-2020.PreworkUITests";
				PRODUCT_NAME = "$(TARGET_NAME)";
				SWIFT_VERSION = 5.0;
				TARGETED_DEVICE_FAMILY = "1,2";
				TEST_TARGET_NAME = Prework;
			};
			name = Debug;
		};
		8BB8234B25C326ED00B9F415 /* Release */ = {
			isa = XCBuildConfiguration;
			buildSettings = {
				ALWAYS_EMBED_SWIFT_STANDARD_LIBRARIES = YES;
				CODE_SIGN_STYLE = Automatic;
				DEVELOPMENT_TEAM = 92CYMJ7RBT;
				INFOPLIST_FILE = PreworkUITests/Info.plist;
				LD_RUNPATH_SEARCH_PATHS = (
					"$(inherited)",
					"@executable_path/Frameworks",
					"@loader_path/Frameworks",
				);
				PRODUCT_BUNDLE_IDENTIFIER = "CodePath-Spring-2020.PreworkUITests";
				PRODUCT_NAME = "$(TARGET_NAME)";
				SWIFT_VERSION = 5.0;
				TARGETED_DEVICE_FAMILY = "1,2";
				TEST_TARGET_NAME = Prework;
			};
			name = Release;
		};
/* End XCBuildConfiguration section */

/* Begin XCConfigurationList section */
		8BB8231425C326EA00B9F415 /* Build configuration list for PBXProject "Prework" */ = {
			isa = XCConfigurationList;
			buildConfigurations = (
				8BB8234125C326ED00B9F415 /* Debug */,
				8BB8234225C326ED00B9F415 /* Release */,
			);
			defaultConfigurationIsVisible = 0;
			defaultConfigurationName = Release;
		};
		8BB8234325C326ED00B9F415 /* Build configuration list for PBXNativeTarget "Prework" */ = {
			isa = XCConfigurationList;
			buildConfigurations = (
				8BB8234425C326ED00B9F415 /* Debug */,
				8BB8234525C326ED00B9F415 /* Release */,
			);
			defaultConfigurationIsVisible = 0;
			defaultConfigurationName = Release;
		};
		8BB8234625C326ED00B9F415 /* Build configuration list for PBXNativeTarget "PreworkTests" */ = {
			isa = XCConfigurationList;
			buildConfigurations = (
				8BB8234725C326ED00B9F415 /* Debug */,
				8BB8234825C326ED00B9F415 /* Release */,
			);
			defaultConfigurationIsVisible = 0;
			defaultConfigurationName = Release;
		};
		8BB8234925C326ED00B9F415 /* Build configuration list for PBXNativeTarget "PreworkUITests" */ = {
			isa = XCConfigurationList;
			buildConfigurations = (
				8BB8234A25C326ED00B9F415 /* Debug */,
				8BB8234B25C326ED00B9F415 /* Release */,
			);
			defaultConfigurationIsVisible = 0;
			defaultConfigurationName = Release;
		};
/* End XCConfigurationList section */
	};
	rootObject = 8BB8231125C326EA00B9F415 /* Project object */;
}
